# THIS IS AN AUTOGENERATED FILE. DO NOT EDIT THIS FILE DIRECTLY.
# yarn lockfile v1


"@types/node@^18.15.12":
  version "18.15.12"
  resolved "https://registry.yarnpkg.com/@types/node/-/node-18.15.12.tgz#833756634e78c829e1254db006468dadbb0c696b"
  integrity sha512-Wha1UwsB3CYdqUm2PPzh/1gujGCNtWVUYF0mB00fJFoR4gTyWTDPjSm+zBF787Ahw8vSGgBja90MkgFwvB86Dg==
